// !$*UTF8*$!
{
	archiveVersion = 1;
	classes = {
	};
	objectVersion = 56;
	objects = {

/* Begin PBXBuildFile section */
		7704C5592A5CC98B00E1AE1A /* Collection+first.swift in Sources */ = {isa = PBXBuildFile; fileRef = 7704C5582A5CC98B00E1AE1A /* Collection+first.swift */; };
		7704C55B2A5CDA0F00E1AE1A /* MetricsCalculator.swift in Sources */ = {isa = PBXBuildFile; fileRef = 7704C55A2A5CDA0F00E1AE1A /* MetricsCalculator.swift */; };
		7706EE6129DBBBA900DB6BFE /* TypeNode.swift in Sources */ = {isa = PBXBuildFile; fileRef = 7706EE6029DBBBA900DB6BFE /* TypeNode.swift */; };
		7706EE6329DBBC7300DB6BFE /* VariableDeclarationContext.swift in Sources */ = {isa = PBXBuildFile; fileRef = 7706EE6229DBBC7300DB6BFE /* VariableDeclarationContext.swift */; };
		7706EE6629DBBDAA00DB6BFE /* VariableNode.swift in Sources */ = {isa = PBXBuildFile; fileRef = 7706EE6529DBBDAA00DB6BFE /* VariableNode.swift */; };
		77196AD82A60C66500BF6308 /* MetricsCalcullatorTests.swift in Sources */ = {isa = PBXBuildFile; fileRef = 77196AD72A60C66500BF6308 /* MetricsCalcullatorTests.swift */; };
		7720DB3829EF6D4600BC5F31 /* VariableAccessContext.swift in Sources */ = {isa = PBXBuildFile; fileRef = 7720DB3729EF6D4600BC5F31 /* VariableAccessContext.swift */; };
		7720DB3A29EF6D6D00BC5F31 /* VariableAccessNode.swift in Sources */ = {isa = PBXBuildFile; fileRef = 7720DB3929EF6D6D00BC5F31 /* VariableAccessNode.swift */; };
		772C640F2A68AFE10079680C /* TC_NOC_Tests.swift in Sources */ = {isa = PBXBuildFile; fileRef = 772C640E2A68AFE10079680C /* TC_NOC_Tests.swift */; };
		772C64112A68B0AE0079680C /* Utils.swift in Sources */ = {isa = PBXBuildFile; fileRef = 772C64102A68B0AE0079680C /* Utils.swift */; };
		772C641F2A68CE0D0079680C /* UserSettings.swift in Sources */ = {isa = PBXBuildFile; fileRef = 772C641E2A68CE0D0079680C /* UserSettings.swift */; };
		772C64272A6F55970079680C /* TC_DIT_Tests.swift in Sources */ = {isa = PBXBuildFile; fileRef = 772C64262A6F55970079680C /* TC_DIT_Tests.swift */; };
		772C64332A71F70D0079680C /* TC_WMC_Tests.swift in Sources */ = {isa = PBXBuildFile; fileRef = 772C64322A71F70D0079680C /* TC_WMC_Tests.swift */; };
		772C64472A7343330079680C /* TC_RFC_Tests.swift in Sources */ = {isa = PBXBuildFile; fileRef = 772C64462A7343330079680C /* TC_RFC_Tests.swift */; };
		773E524D2A0347FA00E0F660 /* TypeExtensionNode.swift in Sources */ = {isa = PBXBuildFile; fileRef = 773E524C2A0347FA00E0F660 /* TypeExtensionNode.swift */; };
		776C3E8129E4E54D00F127C7 /* MethodNode.swift in Sources */ = {isa = PBXBuildFile; fileRef = 776C3E8029E4E54D00F127C7 /* MethodNode.swift */; };
		776C3E8329E4E57A00F127C7 /* MethodContext.swift in Sources */ = {isa = PBXBuildFile; fileRef = 776C3E8229E4E57A00F127C7 /* MethodContext.swift */; };
		776C3E8729E4ECCB00F127C7 /* MethodParameterContext.swift in Sources */ = {isa = PBXBuildFile; fileRef = 776C3E8629E4ECCB00F127C7 /* MethodParameterContext.swift */; };
		776C3E8929E4F13B00F127C7 /* MethodParameterNode.swift in Sources */ = {isa = PBXBuildFile; fileRef = 776C3E8829E4F13B00F127C7 /* MethodParameterNode.swift */; };
		776C3E8D29E783E800F127C7 /* TypeKind.swift in Sources */ = {isa = PBXBuildFile; fileRef = 776C3E8C29E783E800F127C7 /* TypeKind.swift */; };
		7770943829F9F5B30052ED51 /* TypeExtensionContext.swift in Sources */ = {isa = PBXBuildFile; fileRef = 7770943729F9F5B30052ED51 /* TypeExtensionContext.swift */; };
		77821E9A29DCEF0E00BBA1E9 /* ElementsTree.swift in Sources */ = {isa = PBXBuildFile; fileRef = 77821E9929DCEF0E00BBA1E9 /* ElementsTree.swift */; };
		77821E9C29DCF60900BBA1E9 /* ContextTreeGeneratorVisitor.swift in Sources */ = {isa = PBXBuildFile; fileRef = 77821E9B29DCF60900BBA1E9 /* ContextTreeGeneratorVisitor.swift */; };
		77AB898C29C80F2F0087DA08 /* MetricsCollector.swift in Sources */ = {isa = PBXBuildFile; fileRef = 77AB898B29C80F2F0087DA08 /* MetricsCollector.swift */; };
		77AB898F29C80FAB0087DA08 /* SwiftParser in Frameworks */ = {isa = PBXBuildFile; productRef = 77AB898E29C80FAB0087DA08 /* SwiftParser */; };
		77AB899129C80FAB0087DA08 /* SwiftSyntax in Frameworks */ = {isa = PBXBuildFile; productRef = 77AB899029C80FAB0087DA08 /* SwiftSyntax */; };
		77AB899729C94A7C0087DA08 /* Context.swift in Sources */ = {isa = PBXBuildFile; fileRef = 77AB899629C94A7C0087DA08 /* Context.swift */; };
		77AB899929C94AA30087DA08 /* TypeContext.swift in Sources */ = {isa = PBXBuildFile; fileRef = 77AB899829C94AA30087DA08 /* TypeContext.swift */; };
		77AB89A129C94B330087DA08 /* ContextIterators.swift in Sources */ = {isa = PBXBuildFile; fileRef = 77AB89A029C94B330087DA08 /* ContextIterators.swift */; };
		77AB89A529C94DB00087DA08 /* ContextIteratorsTests.swift in Sources */ = {isa = PBXBuildFile; fileRef = 77AB89A429C94DB00087DA08 /* ContextIteratorsTests.swift */; };
		77CDF34129F0B3FA00F9EF2F /* Node.swift in Sources */ = {isa = PBXBuildFile; fileRef = 77CDF34029F0B3FA00F9EF2F /* Node.swift */; };
		77CDF34329F0B40C00F9EF2F /* ContainerNode.swift in Sources */ = {isa = PBXBuildFile; fileRef = 77CDF34229F0B40C00F9EF2F /* ContainerNode.swift */; };
		77DC1D8D29F48BAF002A1ED3 /* Report.swift in Sources */ = {isa = PBXBuildFile; fileRef = 77DC1D8C29F48BAF002A1ED3 /* Report.swift */; };
		77DC1D9029F4D36E002A1ED3 /* ReportStructurer.swift in Sources */ = {isa = PBXBuildFile; fileRef = 77DC1D8F29F4D36E002A1ED3 /* ReportStructurer.swift */; };
		77DC1DF329F780D300989E0E /* FileContext.swift in Sources */ = {isa = PBXBuildFile; fileRef = 77DC1DF229F780D300989E0E /* FileContext.swift */; };
		77E1043929C80DE8006BFB1A /* SMCKit.docc in Sources */ = {isa = PBXBuildFile; fileRef = 77E1043829C80DE8006BFB1A /* SMCKit.docc */; };
		77E1043F29C80DE8006BFB1A /* SMCKit.framework in Frameworks */ = {isa = PBXBuildFile; fileRef = 77E1043429C80DE8006BFB1A /* SMCKit.framework */; };
		77E1044529C80DE8006BFB1A /* SMCKit.h in Headers */ = {isa = PBXBuildFile; fileRef = 77E1043729C80DE8006BFB1A /* SMCKit.h */; settings = {ATTRIBUTES = (Public, ); }; };
/* End PBXBuildFile section */

/* Begin PBXContainerItemProxy section */
		77E1044029C80DE8006BFB1A /* PBXContainerItemProxy */ = {
			isa = PBXContainerItemProxy;
			containerPortal = 77E1042B29C80DE8006BFB1A /* Project object */;
			proxyType = 1;
			remoteGlobalIDString = 77E1043329C80DE8006BFB1A;
			remoteInfo = SMCKit;
		};
/* End PBXContainerItemProxy section */

/* Begin PBXFileReference section */
		7704C5582A5CC98B00E1AE1A /* Collection+first.swift */ = {isa = PBXFileReference; fileEncoding = 4; lastKnownFileType = sourcecode.swift; path = "Collection+first.swift"; sourceTree = "<group>"; };
		7704C55A2A5CDA0F00E1AE1A /* MetricsCalculator.swift */ = {isa = PBXFileReference; lastKnownFileType = sourcecode.swift; path = MetricsCalculator.swift; sourceTree = "<group>"; };
		7706EE6029DBBBA900DB6BFE /* TypeNode.swift */ = {isa = PBXFileReference; fileEncoding = 4; lastKnownFileType = sourcecode.swift; path = TypeNode.swift; sourceTree = "<group>"; };
		7706EE6229DBBC7300DB6BFE /* VariableDeclarationContext.swift */ = {isa = PBXFileReference; fileEncoding = 4; lastKnownFileType = sourcecode.swift; path = VariableDeclarationContext.swift; sourceTree = "<group>"; };
		7706EE6529DBBDAA00DB6BFE /* VariableNode.swift */ = {isa = PBXFileReference; lastKnownFileType = sourcecode.swift; path = VariableNode.swift; sourceTree = "<group>"; };
		77196AD72A60C66500BF6308 /* MetricsCalcullatorTests.swift */ = {isa = PBXFileReference; lastKnownFileType = sourcecode.swift; path = MetricsCalcullatorTests.swift; sourceTree = "<group>"; };
		7720DB3729EF6D4600BC5F31 /* VariableAccessContext.swift */ = {isa = PBXFileReference; lastKnownFileType = sourcecode.swift; path = VariableAccessContext.swift; sourceTree = "<group>"; };
		7720DB3929EF6D6D00BC5F31 /* VariableAccessNode.swift */ = {isa = PBXFileReference; lastKnownFileType = sourcecode.swift; path = VariableAccessNode.swift; sourceTree = "<group>"; };
		772C640C2A68AFA80079680C /* TC-NOC-001.swift */ = {isa = PBXFileReference; lastKnownFileType = sourcecode.swift; path = "TC-NOC-001.swift"; sourceTree = "<group>"; };
		772C640E2A68AFE10079680C /* TC_NOC_Tests.swift */ = {isa = PBXFileReference; lastKnownFileType = sourcecode.swift; path = TC_NOC_Tests.swift; sourceTree = "<group>"; };
		772C64102A68B0AE0079680C /* Utils.swift */ = {isa = PBXFileReference; lastKnownFileType = sourcecode.swift; path = Utils.swift; sourceTree = "<group>"; };
		772C64122A68B5C00079680C /* TC-NOC-002.swift */ = {isa = PBXFileReference; lastKnownFileType = sourcecode.swift; path = "TC-NOC-002.swift"; sourceTree = "<group>"; };
		772C64142A68B63C0079680C /* TC-NOC-003.swift */ = {isa = PBXFileReference; lastKnownFileType = sourcecode.swift; path = "TC-NOC-003.swift"; sourceTree = "<group>"; };
		772C64162A68C44F0079680C /* TC-NOC-004.swift */ = {isa = PBXFileReference; lastKnownFileType = sourcecode.swift; path = "TC-NOC-004.swift"; sourceTree = "<group>"; };
		772C64192A68C4F90079680C /* Class1.swift */ = {isa = PBXFileReference; lastKnownFileType = sourcecode.swift; path = Class1.swift; sourceTree = "<group>"; };
		772C641A2A68C50A0079680C /* Class2.swift */ = {isa = PBXFileReference; lastKnownFileType = sourcecode.swift; path = Class2.swift; sourceTree = "<group>"; };
		772C641B2A68C5250079680C /* Class3.swift */ = {isa = PBXFileReference; lastKnownFileType = sourcecode.swift; path = Class3.swift; sourceTree = "<group>"; };
		772C641D2A68C5330079680C /* Class4.swift */ = {isa = PBXFileReference; lastKnownFileType = sourcecode.swift; path = Class4.swift; sourceTree = "<group>"; };
		772C641E2A68CE0D0079680C /* UserSettings.swift */ = {isa = PBXFileReference; lastKnownFileType = sourcecode.swift; path = UserSettings.swift; sourceTree = "<group>"; };
		772C64232A6A00670079680C /* TC-NOC-006.swift */ = {isa = PBXFileReference; lastKnownFileType = sourcecode.swift; path = "TC-NOC-006.swift"; sourceTree = "<group>"; };
		772C64252A6F550B0079680C /* TC-DIT-001.swift */ = {isa = PBXFileReference; lastKnownFileType = sourcecode.swift; path = "TC-DIT-001.swift"; sourceTree = "<group>"; };
		772C64262A6F55970079680C /* TC_DIT_Tests.swift */ = {isa = PBXFileReference; lastKnownFileType = sourcecode.swift; path = TC_DIT_Tests.swift; sourceTree = "<group>"; };
		772C64282A6F571B0079680C /* TC-DIT-002.swift */ = {isa = PBXFileReference; lastKnownFileType = sourcecode.swift; path = "TC-DIT-002.swift"; sourceTree = "<group>"; };
		772C64292A6F5EEB0079680C /* TC-DIT-003.swift */ = {isa = PBXFileReference; lastKnownFileType = sourcecode.swift; path = "TC-DIT-003.swift"; sourceTree = "<group>"; };
		772C642C2A6F60410079680C /* Class1.swift */ = {isa = PBXFileReference; lastKnownFileType = sourcecode.swift; path = Class1.swift; sourceTree = "<group>"; };
		772C642D2A6F605F0079680C /* Class2.swift */ = {isa = PBXFileReference; lastKnownFileType = sourcecode.swift; path = Class2.swift; sourceTree = "<group>"; };
		772C642E2A6F60830079680C /* Class3.swift */ = {isa = PBXFileReference; lastKnownFileType = sourcecode.swift; path = Class3.swift; sourceTree = "<group>"; };
		772C642F2A6F60A00079680C /* Class4.swift */ = {isa = PBXFileReference; lastKnownFileType = sourcecode.swift; path = Class4.swift; sourceTree = "<group>"; };
		772C64302A6F614B0079680C /* TC-DIT-005.swift */ = {isa = PBXFileReference; lastKnownFileType = sourcecode.swift; path = "TC-DIT-005.swift"; sourceTree = "<group>"; };
		772C64312A71ED8B0079680C /* TC-NOC-007.swift */ = {isa = PBXFileReference; lastKnownFileType = sourcecode.swift; path = "TC-NOC-007.swift"; sourceTree = "<group>"; };
		772C64322A71F70D0079680C /* TC_WMC_Tests.swift */ = {isa = PBXFileReference; lastKnownFileType = sourcecode.swift; path = TC_WMC_Tests.swift; sourceTree = "<group>"; };
		772C64342A71F74A0079680C /* TC-WMC-001.swift */ = {isa = PBXFileReference; lastKnownFileType = sourcecode.swift; path = "TC-WMC-001.swift"; sourceTree = "<group>"; };
		772C64352A71F79A0079680C /* TC-WMC-002.swift */ = {isa = PBXFileReference; lastKnownFileType = sourcecode.swift; path = "TC-WMC-002.swift"; sourceTree = "<group>"; };
		772C64362A71F7CD0079680C /* TC-WMC-003.swift */ = {isa = PBXFileReference; lastKnownFileType = sourcecode.swift; path = "TC-WMC-003.swift"; sourceTree = "<group>"; };
		772C64372A71F7F30079680C /* TC-WMC-004.swift */ = {isa = PBXFileReference; lastKnownFileType = sourcecode.swift; path = "TC-WMC-004.swift"; sourceTree = "<group>"; };
		772C64382A71F82E0079680C /* TC-WMC-005.swift */ = {isa = PBXFileReference; lastKnownFileType = sourcecode.swift; path = "TC-WMC-005.swift"; sourceTree = "<group>"; };
		772C643A2A71F89E0079680C /* TC-WMC-006.swift */ = {isa = PBXFileReference; lastKnownFileType = sourcecode.swift; path = "TC-WMC-006.swift"; sourceTree = "<group>"; };
		772C643B2A71F8B50079680C /* TC-WMC-007.swift */ = {isa = PBXFileReference; lastKnownFileType = sourcecode.swift; path = "TC-WMC-007.swift"; sourceTree = "<group>"; };
		772C643C2A71F9C10079680C /* TC-WMC-008.swift */ = {isa = PBXFileReference; lastKnownFileType = sourcecode.swift; path = "TC-WMC-008.swift"; sourceTree = "<group>"; };
		772C643D2A71F9D40079680C /* TC-WMC-009.swift */ = {isa = PBXFileReference; lastKnownFileType = sourcecode.swift; path = "TC-WMC-009.swift"; sourceTree = "<group>"; };
		772C643E2A71F9EE0079680C /* TC-WMC-010.swift */ = {isa = PBXFileReference; lastKnownFileType = sourcecode.swift; path = "TC-WMC-010.swift"; sourceTree = "<group>"; };
		772C64402A71FA110079680C /* Class1.swift */ = {isa = PBXFileReference; lastKnownFileType = sourcecode.swift; path = Class1.swift; sourceTree = "<group>"; };
		772C64412A71FA290079680C /* Class1+Extension.swift */ = {isa = PBXFileReference; lastKnownFileType = sourcecode.swift; path = "Class1+Extension.swift"; sourceTree = "<group>"; };
		772C64432A71FA4F0079680C /* Class1.swift */ = {isa = PBXFileReference; lastKnownFileType = sourcecode.swift; path = Class1.swift; sourceTree = "<group>"; };
		772C64442A71FA6B0079680C /* Class1+Extension.swift */ = {isa = PBXFileReference; lastKnownFileType = sourcecode.swift; path = "Class1+Extension.swift"; sourceTree = "<group>"; };
		772C64452A71FA8E0079680C /* TC-WMC-013.swift */ = {isa = PBXFileReference; lastKnownFileType = sourcecode.swift; path = "TC-WMC-013.swift"; sourceTree = "<group>"; };
		772C64462A7343330079680C /* TC_RFC_Tests.swift */ = {isa = PBXFileReference; lastKnownFileType = sourcecode.swift; path = TC_RFC_Tests.swift; sourceTree = "<group>"; };
		772C64482A73435D0079680C /* TC-RFC-001.swift */ = {isa = PBXFileReference; lastKnownFileType = sourcecode.swift; path = "TC-RFC-001.swift"; sourceTree = "<group>"; };
		772C64492A7344E60079680C /* TC-RFC-002.swift */ = {isa = PBXFileReference; lastKnownFileType = sourcecode.swift; path = "TC-RFC-002.swift"; sourceTree = "<group>"; };
		772C644A2A7344F70079680C /* TC-RFC-003.swift */ = {isa = PBXFileReference; lastKnownFileType = sourcecode.swift; path = "TC-RFC-003.swift"; sourceTree = "<group>"; };
		772C644C2A7345140079680C /* TC-RFC-004.swift */ = {isa = PBXFileReference; lastKnownFileType = sourcecode.swift; path = "TC-RFC-004.swift"; sourceTree = "<group>"; };
		772C644E2A7345390079680C /* TC-RFC-005.swift */ = {isa = PBXFileReference; lastKnownFileType = sourcecode.swift; path = "TC-RFC-005.swift"; sourceTree = "<group>"; };
		772C644F2A73454D0079680C /* TC-RFC-006.swift */ = {isa = PBXFileReference; lastKnownFileType = sourcecode.swift; path = "TC-RFC-006.swift"; sourceTree = "<group>"; };
		772C64502A7345640079680C /* TC-RFC-007.swift */ = {isa = PBXFileReference; lastKnownFileType = sourcecode.swift; path = "TC-RFC-007.swift"; sourceTree = "<group>"; };
		772C64512A7345770079680C /* TC-RFC-008.swift */ = {isa = PBXFileReference; lastKnownFileType = sourcecode.swift; path = "TC-RFC-008.swift"; sourceTree = "<group>"; };
		772C64522A7345900079680C /* TC-RFC-009.swift */ = {isa = PBXFileReference; lastKnownFileType = sourcecode.swift; path = "TC-RFC-009.swift"; sourceTree = "<group>"; };
		772C64532A7345A70079680C /* TC-RFC-010.swift */ = {isa = PBXFileReference; lastKnownFileType = sourcecode.swift; path = "TC-RFC-010.swift"; sourceTree = "<group>"; };
		772C64552A7345C30079680C /* Class1.swift */ = {isa = PBXFileReference; lastKnownFileType = sourcecode.swift; path = Class1.swift; sourceTree = "<group>"; };
		772C64562A7345D50079680C /* Class1+Extension.swift */ = {isa = PBXFileReference; lastKnownFileType = sourcecode.swift; path = "Class1+Extension.swift"; sourceTree = "<group>"; };
		772C64582A7345F90079680C /* Class1.swift */ = {isa = PBXFileReference; lastKnownFileType = sourcecode.swift; path = Class1.swift; sourceTree = "<group>"; };
		772C64592A7346260079680C /* Class1+Extension.swift */ = {isa = PBXFileReference; lastKnownFileType = sourcecode.swift; path = "Class1+Extension.swift"; sourceTree = "<group>"; };
		772C645A2A7346430079680C /* TC-RFC-013.swift */ = {isa = PBXFileReference; lastKnownFileType = sourcecode.swift; path = "TC-RFC-013.swift"; sourceTree = "<group>"; };
		772C645C2A73465F0079680C /* TC-RFC-014.swift */ = {isa = PBXFileReference; lastKnownFileType = sourcecode.swift; path = "TC-RFC-014.swift"; sourceTree = "<group>"; };
		772C645D2A73466F0079680C /* TC-RFC-015.swift */ = {isa = PBXFileReference; lastKnownFileType = sourcecode.swift; path = "TC-RFC-015.swift"; sourceTree = "<group>"; };
		772C645E2A73468B0079680C /* TC-RFC-016.swift */ = {isa = PBXFileReference; lastKnownFileType = sourcecode.swift; path = "TC-RFC-016.swift"; sourceTree = "<group>"; };
		772C645F2A7346AC0079680C /* TC-RFC-017.swift */ = {isa = PBXFileReference; lastKnownFileType = sourcecode.swift; path = "TC-RFC-017.swift"; sourceTree = "<group>"; };
		773E524C2A0347FA00E0F660 /* TypeExtensionNode.swift */ = {isa = PBXFileReference; lastKnownFileType = sourcecode.swift; path = TypeExtensionNode.swift; sourceTree = "<group>"; };
		776C3E8029E4E54D00F127C7 /* MethodNode.swift */ = {isa = PBXFileReference; lastKnownFileType = sourcecode.swift; path = MethodNode.swift; sourceTree = "<group>"; };
		776C3E8229E4E57A00F127C7 /* MethodContext.swift */ = {isa = PBXFileReference; lastKnownFileType = sourcecode.swift; path = MethodContext.swift; sourceTree = "<group>"; };
		776C3E8629E4ECCB00F127C7 /* MethodParameterContext.swift */ = {isa = PBXFileReference; lastKnownFileType = sourcecode.swift; path = MethodParameterContext.swift; sourceTree = "<group>"; };
		776C3E8829E4F13B00F127C7 /* MethodParameterNode.swift */ = {isa = PBXFileReference; lastKnownFileType = sourcecode.swift; path = MethodParameterNode.swift; sourceTree = "<group>"; };
		776C3E8C29E783E800F127C7 /* TypeKind.swift */ = {isa = PBXFileReference; lastKnownFileType = sourcecode.swift; path = TypeKind.swift; sourceTree = "<group>"; };
		7770943729F9F5B30052ED51 /* TypeExtensionContext.swift */ = {isa = PBXFileReference; lastKnownFileType = sourcecode.swift; path = TypeExtensionContext.swift; sourceTree = "<group>"; };
		77821E9929DCEF0E00BBA1E9 /* ElementsTree.swift */ = {isa = PBXFileReference; lastKnownFileType = sourcecode.swift; path = ElementsTree.swift; sourceTree = "<group>"; };
		77821E9B29DCF60900BBA1E9 /* ContextTreeGeneratorVisitor.swift */ = {isa = PBXFileReference; lastKnownFileType = sourcecode.swift; path = ContextTreeGeneratorVisitor.swift; sourceTree = "<group>"; };
		77AB898B29C80F2F0087DA08 /* MetricsCollector.swift */ = {isa = PBXFileReference; lastKnownFileType = sourcecode.swift; path = MetricsCollector.swift; sourceTree = "<group>"; };
		77AB899629C94A7C0087DA08 /* Context.swift */ = {isa = PBXFileReference; lastKnownFileType = sourcecode.swift; path = Context.swift; sourceTree = "<group>"; };
		77AB899829C94AA30087DA08 /* TypeContext.swift */ = {isa = PBXFileReference; lastKnownFileType = sourcecode.swift; path = TypeContext.swift; sourceTree = "<group>"; };
		77AB89A029C94B330087DA08 /* ContextIterators.swift */ = {isa = PBXFileReference; lastKnownFileType = sourcecode.swift; path = ContextIterators.swift; sourceTree = "<group>"; };
		77AB89A429C94DB00087DA08 /* ContextIteratorsTests.swift */ = {isa = PBXFileReference; lastKnownFileType = sourcecode.swift; path = ContextIteratorsTests.swift; sourceTree = "<group>"; };
		77CDF34029F0B3FA00F9EF2F /* Node.swift */ = {isa = PBXFileReference; lastKnownFileType = sourcecode.swift; path = Node.swift; sourceTree = "<group>"; };
		77CDF34229F0B40C00F9EF2F /* ContainerNode.swift */ = {isa = PBXFileReference; lastKnownFileType = sourcecode.swift; path = ContainerNode.swift; sourceTree = "<group>"; };
		77DC1D8C29F48BAF002A1ED3 /* Report.swift */ = {isa = PBXFileReference; lastKnownFileType = sourcecode.swift; path = Report.swift; sourceTree = "<group>"; };
		77DC1D8F29F4D36E002A1ED3 /* ReportStructurer.swift */ = {isa = PBXFileReference; lastKnownFileType = sourcecode.swift; path = ReportStructurer.swift; sourceTree = "<group>"; };
		77DC1DF229F780D300989E0E /* FileContext.swift */ = {isa = PBXFileReference; lastKnownFileType = sourcecode.swift; path = FileContext.swift; sourceTree = "<group>"; };
		77E1043429C80DE8006BFB1A /* SMCKit.framework */ = {isa = PBXFileReference; explicitFileType = wrapper.framework; includeInIndex = 0; path = SMCKit.framework; sourceTree = BUILT_PRODUCTS_DIR; };
		77E1043729C80DE8006BFB1A /* SMCKit.h */ = {isa = PBXFileReference; lastKnownFileType = sourcecode.c.h; path = SMCKit.h; sourceTree = "<group>"; };
		77E1043829C80DE8006BFB1A /* SMCKit.docc */ = {isa = PBXFileReference; lastKnownFileType = folder.documentationcatalog; path = SMCKit.docc; sourceTree = "<group>"; };
		77E1043E29C80DE8006BFB1A /* SMCKitTests.xctest */ = {isa = PBXFileReference; explicitFileType = wrapper.cfbundle; includeInIndex = 0; path = SMCKitTests.xctest; sourceTree = BUILT_PRODUCTS_DIR; };
		77F9221F2A7599CD006DE57B /* TC-RFC-018.swift */ = {isa = PBXFileReference; lastKnownFileType = sourcecode.swift; path = "TC-RFC-018.swift"; sourceTree = "<group>"; };
/* End PBXFileReference section */

/* Begin PBXFrameworksBuildPhase section */
		77E1043129C80DE8006BFB1A /* Frameworks */ = {
			isa = PBXFrameworksBuildPhase;
			buildActionMask = 2147483647;
			files = (
				77AB898F29C80FAB0087DA08 /* SwiftParser in Frameworks */,
				77AB899129C80FAB0087DA08 /* SwiftSyntax in Frameworks */,
			);
			runOnlyForDeploymentPostprocessing = 0;
		};
		77E1043B29C80DE8006BFB1A /* Frameworks */ = {
			isa = PBXFrameworksBuildPhase;
			buildActionMask = 2147483647;
			files = (
				77E1043F29C80DE8006BFB1A /* SMCKit.framework in Frameworks */,
			);
			runOnlyForDeploymentPostprocessing = 0;
		};
/* End PBXFrameworksBuildPhase section */

/* Begin PBXGroup section */
		7706EE6429DBBD9500DB6BFE /* Nodes */ = {
			isa = PBXGroup;
			children = (
				77CDF34229F0B40C00F9EF2F /* ContainerNode.swift */,
				776C3E8029E4E54D00F127C7 /* MethodNode.swift */,
				776C3E8829E4F13B00F127C7 /* MethodParameterNode.swift */,
				77CDF34029F0B3FA00F9EF2F /* Node.swift */,
				773E524C2A0347FA00E0F660 /* TypeExtensionNode.swift */,
				7706EE6029DBBBA900DB6BFE /* TypeNode.swift */,
				7720DB3929EF6D6D00BC5F31 /* VariableAccessNode.swift */,
				7706EE6529DBBDAA00DB6BFE /* VariableNode.swift */,
			);
			path = Nodes;
			sourceTree = "<group>";
		};
		7720DB3B29EF7A1400BC5F31 /* Extensions */ = {
			isa = PBXGroup;
			children = (
				7704C5582A5CC98B00E1AE1A /* Collection+first.swift */,
			);
			path = Extensions;
			sourceTree = "<group>";
		};
		772C64092A68AF540079680C /* Test Cases */ = {
			isa = PBXGroup;
			children = (
				772C64262A6F55970079680C /* TC_DIT_Tests.swift */,
				772C640E2A68AFE10079680C /* TC_NOC_Tests.swift */,
				772C64462A7343330079680C /* TC_RFC_Tests.swift */,
				772C64322A71F70D0079680C /* TC_WMC_Tests.swift */,
				772C64102A68B0AE0079680C /* Utils.swift */,
				772C640A2A68AF6F0079680C /* Inputs */,
			);
			path = "Test Cases";
			sourceTree = "<group>";
		};
		772C640A2A68AF6F0079680C /* Inputs */ = {
			isa = PBXGroup;
			children = (
				772C64602A7348070079680C /* DIT */,
				772C64612A7348120079680C /* NOC */,
				772C64622A73481F0079680C /* RFC */,
				772C64632A73482C0079680C /* WMC */,
			);
			path = Inputs;
			sourceTree = "<group>";
		};
		772C64182A68C4D60079680C /* TC-NOC-005 */ = {
			isa = PBXGroup;
			children = (
				772C64192A68C4F90079680C /* Class1.swift */,
				772C641A2A68C50A0079680C /* Class2.swift */,
				772C641B2A68C5250079680C /* Class3.swift */,
				772C641D2A68C5330079680C /* Class4.swift */,
			);
			path = "TC-NOC-005";
			sourceTree = "<group>";
		};
		772C642B2A6F5FAB0079680C /* TC-DIT-004 */ = {
			isa = PBXGroup;
			children = (
				772C642C2A6F60410079680C /* Class1.swift */,
				772C642D2A6F605F0079680C /* Class2.swift */,
				772C642E2A6F60830079680C /* Class3.swift */,
				772C642F2A6F60A00079680C /* Class4.swift */,
			);
			path = "TC-DIT-004";
			sourceTree = "<group>";
		};
		772C643F2A71F9FB0079680C /* TC-WMC-011 */ = {
			isa = PBXGroup;
			children = (
				772C64402A71FA110079680C /* Class1.swift */,
				772C64412A71FA290079680C /* Class1+Extension.swift */,
			);
			path = "TC-WMC-011";
			sourceTree = "<group>";
		};
		772C64422A71FA3D0079680C /* TC-WMC-012 */ = {
			isa = PBXGroup;
			children = (
				772C64432A71FA4F0079680C /* Class1.swift */,
				772C64442A71FA6B0079680C /* Class1+Extension.swift */,
			);
			path = "TC-WMC-012";
			sourceTree = "<group>";
		};
		772C64542A7345B30079680C /* TC-RFC-011 */ = {
			isa = PBXGroup;
			children = (
				772C64552A7345C30079680C /* Class1.swift */,
				772C64562A7345D50079680C /* Class1+Extension.swift */,
			);
			path = "TC-RFC-011";
			sourceTree = "<group>";
		};
		772C64572A7345E70079680C /* TC-RFC-012 */ = {
			isa = PBXGroup;
			children = (
				772C64582A7345F90079680C /* Class1.swift */,
				772C64592A7346260079680C /* Class1+Extension.swift */,
			);
			path = "TC-RFC-012";
			sourceTree = "<group>";
		};
		772C64602A7348070079680C /* DIT */ = {
			isa = PBXGroup;
			children = (
				772C64252A6F550B0079680C /* TC-DIT-001.swift */,
				772C64282A6F571B0079680C /* TC-DIT-002.swift */,
				772C64292A6F5EEB0079680C /* TC-DIT-003.swift */,
				772C642B2A6F5FAB0079680C /* TC-DIT-004 */,
				772C64302A6F614B0079680C /* TC-DIT-005.swift */,
			);
			path = DIT;
			sourceTree = "<group>";
		};
		772C64612A7348120079680C /* NOC */ = {
			isa = PBXGroup;
			children = (
				772C640C2A68AFA80079680C /* TC-NOC-001.swift */,
				772C64122A68B5C00079680C /* TC-NOC-002.swift */,
				772C64142A68B63C0079680C /* TC-NOC-003.swift */,
				772C64162A68C44F0079680C /* TC-NOC-004.swift */,
				772C64182A68C4D60079680C /* TC-NOC-005 */,
				772C64232A6A00670079680C /* TC-NOC-006.swift */,
				772C64312A71ED8B0079680C /* TC-NOC-007.swift */,
			);
			path = NOC;
			sourceTree = "<group>";
		};
		772C64622A73481F0079680C /* RFC */ = {
			isa = PBXGroup;
			children = (
				772C64482A73435D0079680C /* TC-RFC-001.swift */,
				772C64492A7344E60079680C /* TC-RFC-002.swift */,
				772C644A2A7344F70079680C /* TC-RFC-003.swift */,
				772C644C2A7345140079680C /* TC-RFC-004.swift */,
				772C644E2A7345390079680C /* TC-RFC-005.swift */,
				772C644F2A73454D0079680C /* TC-RFC-006.swift */,
				772C64502A7345640079680C /* TC-RFC-007.swift */,
				772C64512A7345770079680C /* TC-RFC-008.swift */,
				772C64522A7345900079680C /* TC-RFC-009.swift */,
				772C64532A7345A70079680C /* TC-RFC-010.swift */,
				772C64542A7345B30079680C /* TC-RFC-011 */,
				772C64572A7345E70079680C /* TC-RFC-012 */,
				772C645A2A7346430079680C /* TC-RFC-013.swift */,
				772C645C2A73465F0079680C /* TC-RFC-014.swift */,
				772C645D2A73466F0079680C /* TC-RFC-015.swift */,
				772C645E2A73468B0079680C /* TC-RFC-016.swift */,
				772C645F2A7346AC0079680C /* TC-RFC-017.swift */,
				77F9221F2A7599CD006DE57B /* TC-RFC-018.swift */,
			);
			path = RFC;
			sourceTree = "<group>";
		};
		772C64632A73482C0079680C /* WMC */ = {
			isa = PBXGroup;
			children = (
				772C64342A71F74A0079680C /* TC-WMC-001.swift */,
				772C64352A71F79A0079680C /* TC-WMC-002.swift */,
				772C64362A71F7CD0079680C /* TC-WMC-003.swift */,
				772C64372A71F7F30079680C /* TC-WMC-004.swift */,
				772C64382A71F82E0079680C /* TC-WMC-005.swift */,
				772C643A2A71F89E0079680C /* TC-WMC-006.swift */,
				772C643B2A71F8B50079680C /* TC-WMC-007.swift */,
				772C643C2A71F9C10079680C /* TC-WMC-008.swift */,
				772C643D2A71F9D40079680C /* TC-WMC-009.swift */,
				772C643E2A71F9EE0079680C /* TC-WMC-010.swift */,
				772C643F2A71F9FB0079680C /* TC-WMC-011 */,
				772C64422A71FA3D0079680C /* TC-WMC-012 */,
				772C64452A71FA8E0079680C /* TC-WMC-013.swift */,
			);
			path = WMC;
			sourceTree = "<group>";
		};
		77AB899529C94A5F0087DA08 /* Contexts */ = {
			isa = PBXGroup;
			children = (
				77AB899629C94A7C0087DA08 /* Context.swift */,
				77DC1DF229F780D300989E0E /* FileContext.swift */,
				776C3E8229E4E57A00F127C7 /* MethodContext.swift */,
				776C3E8629E4ECCB00F127C7 /* MethodParameterContext.swift */,
				77AB899829C94AA30087DA08 /* TypeContext.swift */,
				7770943729F9F5B30052ED51 /* TypeExtensionContext.swift */,
				7720DB3729EF6D4600BC5F31 /* VariableAccessContext.swift */,
				7706EE6229DBBC7300DB6BFE /* VariableDeclarationContext.swift */,
			);
			path = Contexts;
			sourceTree = "<group>";
		};
		77DC1D8E29F4D35E002A1ED3 /* Report */ = {
			isa = PBXGroup;
			children = (
				77DC1D8C29F48BAF002A1ED3 /* Report.swift */,
				77DC1D8F29F4D36E002A1ED3 /* ReportStructurer.swift */,
			);
			path = Report;
			sourceTree = "<group>";
		};
		77E1042A29C80DE8006BFB1A = {
			isa = PBXGroup;
			children = (
				77E1043629C80DE8006BFB1A /* SMCKit */,
				77E1044229C80DE8006BFB1A /* SMCKitTests */,
				77E1043529C80DE8006BFB1A /* Products */,
			);
			sourceTree = "<group>";
		};
		77E1043529C80DE8006BFB1A /* Products */ = {
			isa = PBXGroup;
			children = (
				77E1043429C80DE8006BFB1A /* SMCKit.framework */,
				77E1043E29C80DE8006BFB1A /* SMCKitTests.xctest */,
			);
			name = Products;
			sourceTree = "<group>";
		};
		77E1043629C80DE8006BFB1A /* SMCKit */ = {
			isa = PBXGroup;
			children = (
				77E1043829C80DE8006BFB1A /* SMCKit.docc */,
				77E1043729C80DE8006BFB1A /* SMCKit.h */,
				77AB89A029C94B330087DA08 /* ContextIterators.swift */,
				77821E9B29DCF60900BBA1E9 /* ContextTreeGeneratorVisitor.swift */,
				77821E9929DCEF0E00BBA1E9 /* ElementsTree.swift */,
				7704C55A2A5CDA0F00E1AE1A /* MetricsCalculator.swift */,
				77AB898B29C80F2F0087DA08 /* MetricsCollector.swift */,
				776C3E8C29E783E800F127C7 /* TypeKind.swift */,
				77AB899529C94A5F0087DA08 /* Contexts */,
				7720DB3B29EF7A1400BC5F31 /* Extensions */,
				7706EE6429DBBD9500DB6BFE /* Nodes */,
				77DC1D8E29F4D35E002A1ED3 /* Report */,
			);
			path = SMCKit;
			sourceTree = "<group>";
		};
		77E1044229C80DE8006BFB1A /* SMCKitTests */ = {
			isa = PBXGroup;
			children = (
				77AB89A429C94DB00087DA08 /* ContextIteratorsTests.swift */,
				77196AD72A60C66500BF6308 /* MetricsCalcullatorTests.swift */,
				772C641E2A68CE0D0079680C /* UserSettings.swift */,
				772C64092A68AF540079680C /* Test Cases */,
			);
			path = SMCKitTests;
			sourceTree = "<group>";
		};
/* End PBXGroup section */

/* Begin PBXHeadersBuildPhase section */
		77E1042F29C80DE8006BFB1A /* Headers */ = {
			isa = PBXHeadersBuildPhase;
			buildActionMask = 2147483647;
			files = (
				77E1044529C80DE8006BFB1A /* SMCKit.h in Headers */,
			);
			runOnlyForDeploymentPostprocessing = 0;
		};
/* End PBXHeadersBuildPhase section */

/* Begin PBXNativeTarget section */
		77E1043329C80DE8006BFB1A /* SMCKit */ = {
			isa = PBXNativeTarget;
			buildConfigurationList = 77E1044829C80DE8006BFB1A /* Build configuration list for PBXNativeTarget "SMCKit" */;
			buildPhases = (
				77E1042F29C80DE8006BFB1A /* Headers */,
				77E1043029C80DE8006BFB1A /* Sources */,
				77E1043129C80DE8006BFB1A /* Frameworks */,
				77E1043229C80DE8006BFB1A /* Resources */,
			);
			buildRules = (
			);
			dependencies = (
			);
			name = SMCKit;
			packageProductDependencies = (
				77AB898E29C80FAB0087DA08 /* SwiftParser */,
				77AB899029C80FAB0087DA08 /* SwiftSyntax */,
			);
			productName = SMCKit;
			productReference = 77E1043429C80DE8006BFB1A /* SMCKit.framework */;
			productType = "com.apple.product-type.framework";
		};
		77E1043D29C80DE8006BFB1A /* SMCKitTests */ = {
			isa = PBXNativeTarget;
			buildConfigurationList = 77E1044B29C80DE8006BFB1A /* Build configuration list for PBXNativeTarget "SMCKitTests" */;
			buildPhases = (
				77E1043A29C80DE8006BFB1A /* Sources */,
				77E1043B29C80DE8006BFB1A /* Frameworks */,
				77E1043C29C80DE8006BFB1A /* Resources */,
			);
			buildRules = (
			);
			dependencies = (
				77E1044129C80DE8006BFB1A /* PBXTargetDependency */,
			);
			name = SMCKitTests;
			productName = SMCKitTests;
			productReference = 77E1043E29C80DE8006BFB1A /* SMCKitTests.xctest */;
			productType = "com.apple.product-type.bundle.unit-test";
		};
/* End PBXNativeTarget section */

/* Begin PBXProject section */
		77E1042B29C80DE8006BFB1A /* Project object */ = {
			isa = PBXProject;
			attributes = {
				BuildIndependentTargetsInParallel = 1;
				LastSwiftUpdateCheck = 1420;
				LastUpgradeCheck = 1420;
				TargetAttributes = {
					77E1043329C80DE8006BFB1A = {
						CreatedOnToolsVersion = 14.2;
					};
					77E1043D29C80DE8006BFB1A = {
						CreatedOnToolsVersion = 14.2;
					};
				};
			};
			buildConfigurationList = 77E1042E29C80DE8006BFB1A /* Build configuration list for PBXProject "SMCKit" */;
			compatibilityVersion = "Xcode 14.0";
			developmentRegion = en;
			hasScannedForEncodings = 0;
			knownRegions = (
				en,
				Base,
			);
			mainGroup = 77E1042A29C80DE8006BFB1A;
			packageReferences = (
				77AB898D29C80FAB0087DA08 /* XCRemoteSwiftPackageReference "swift-syntax" */,
			);
			productRefGroup = 77E1043529C80DE8006BFB1A /* Products */;
			projectDirPath = "";
			projectRoot = "";
			targets = (
				77E1043329C80DE8006BFB1A /* SMCKit */,
				77E1043D29C80DE8006BFB1A /* SMCKitTests */,
			);
		};
/* End PBXProject section */

/* Begin PBXResourcesBuildPhase section */
		77E1043229C80DE8006BFB1A /* Resources */ = {
			isa = PBXResourcesBuildPhase;
			buildActionMask = 2147483647;
			files = (
			);
			runOnlyForDeploymentPostprocessing = 0;
		};
		77E1043C29C80DE8006BFB1A /* Resources */ = {
			isa = PBXResourcesBuildPhase;
			buildActionMask = 2147483647;
			files = (
			);
			runOnlyForDeploymentPostprocessing = 0;
		};
/* End PBXResourcesBuildPhase section */

/* Begin PBXSourcesBuildPhase section */
		77E1043029C80DE8006BFB1A /* Sources */ = {
			isa = PBXSourcesBuildPhase;
			buildActionMask = 2147483647;
			files = (
				7706EE6329DBBC7300DB6BFE /* VariableDeclarationContext.swift in Sources */,
				776C3E8D29E783E800F127C7 /* TypeKind.swift in Sources */,
				776C3E8929E4F13B00F127C7 /* MethodParameterNode.swift in Sources */,
				77CDF34329F0B40C00F9EF2F /* ContainerNode.swift in Sources */,
				7720DB3A29EF6D6D00BC5F31 /* VariableAccessNode.swift in Sources */,
				776C3E8729E4ECCB00F127C7 /* MethodParameterContext.swift in Sources */,
				7706EE6129DBBBA900DB6BFE /* TypeNode.swift in Sources */,
				77CDF34129F0B3FA00F9EF2F /* Node.swift in Sources */,
				77DC1D8D29F48BAF002A1ED3 /* Report.swift in Sources */,
				773E524D2A0347FA00E0F660 /* TypeExtensionNode.swift in Sources */,
				77821E9C29DCF60900BBA1E9 /* ContextTreeGeneratorVisitor.swift in Sources */,
				77AB899729C94A7C0087DA08 /* Context.swift in Sources */,
				776C3E8329E4E57A00F127C7 /* MethodContext.swift in Sources */,
				77821E9A29DCEF0E00BBA1E9 /* ElementsTree.swift in Sources */,
				7704C55B2A5CDA0F00E1AE1A /* MetricsCalculator.swift in Sources */,
				77DC1D9029F4D36E002A1ED3 /* ReportStructurer.swift in Sources */,
				7706EE6629DBBDAA00DB6BFE /* VariableNode.swift in Sources */,
				77E1043929C80DE8006BFB1A /* SMCKit.docc in Sources */,
				7704C5592A5CC98B00E1AE1A /* Collection+first.swift in Sources */,
				7770943829F9F5B30052ED51 /* TypeExtensionContext.swift in Sources */,
				77AB89A129C94B330087DA08 /* ContextIterators.swift in Sources */,
				7720DB3829EF6D4600BC5F31 /* VariableAccessContext.swift in Sources */,
				77AB898C29C80F2F0087DA08 /* MetricsCollector.swift in Sources */,
				77AB899929C94AA30087DA08 /* TypeContext.swift in Sources */,
				776C3E8129E4E54D00F127C7 /* MethodNode.swift in Sources */,
				77DC1DF329F780D300989E0E /* FileContext.swift in Sources */,
			);
			runOnlyForDeploymentPostprocessing = 0;
		};
		77E1043A29C80DE8006BFB1A /* Sources */ = {
			isa = PBXSourcesBuildPhase;
			buildActionMask = 2147483647;
			files = (
				772C64472A7343330079680C /* TC_RFC_Tests.swift in Sources */,
				77196AD82A60C66500BF6308 /* MetricsCalcullatorTests.swift in Sources */,
				772C641F2A68CE0D0079680C /* UserSettings.swift in Sources */,
				772C64272A6F55970079680C /* TC_DIT_Tests.swift in Sources */,
				772C64332A71F70D0079680C /* TC_WMC_Tests.swift in Sources */,
				77AB89A529C94DB00087DA08 /* ContextIteratorsTests.swift in Sources */,
				772C640F2A68AFE10079680C /* TC_NOC_Tests.swift in Sources */,
				772C64112A68B0AE0079680C /* Utils.swift in Sources */,
			);
			runOnlyForDeploymentPostprocessing = 0;
		};
/* End PBXSourcesBuildPhase section */

/* Begin PBXTargetDependency section */
		77E1044129C80DE8006BFB1A /* PBXTargetDependency */ = {
			isa = PBXTargetDependency;
			target = 77E1043329C80DE8006BFB1A /* SMCKit */;
			targetProxy = 77E1044029C80DE8006BFB1A /* PBXContainerItemProxy */;
		};
/* End PBXTargetDependency section */

/* Begin XCBuildConfiguration section */
		77E1044629C80DE8006BFB1A /* Debug */ = {
			isa = XCBuildConfiguration;
			buildSettings = {
				ALWAYS_SEARCH_USER_PATHS = NO;
				CLANG_ANALYZER_NONNULL = YES;
				CLANG_ANALYZER_NUMBER_OBJECT_CONVERSION = YES_AGGRESSIVE;
				CLANG_CXX_LANGUAGE_STANDARD = "gnu++20";
				CLANG_ENABLE_MODULES = YES;
				CLANG_ENABLE_OBJC_ARC = YES;
				CLANG_ENABLE_OBJC_WEAK = YES;
				CLANG_WARN_BLOCK_CAPTURE_AUTORELEASING = YES;
				CLANG_WARN_BOOL_CONVERSION = YES;
				CLANG_WARN_COMMA = YES;
				CLANG_WARN_CONSTANT_CONVERSION = YES;
				CLANG_WARN_DEPRECATED_OBJC_IMPLEMENTATIONS = YES;
				CLANG_WARN_DIRECT_OBJC_ISA_USAGE = YES_ERROR;
				CLANG_WARN_DOCUMENTATION_COMMENTS = YES;
				CLANG_WARN_EMPTY_BODY = YES;
				CLANG_WARN_ENUM_CONVERSION = YES;
				CLANG_WARN_INFINITE_RECURSION = YES;
				CLANG_WARN_INT_CONVERSION = YES;
				CLANG_WARN_NON_LITERAL_NULL_CONVERSION = YES;
				CLANG_WARN_OBJC_IMPLICIT_RETAIN_SELF = YES;
				CLANG_WARN_OBJC_LITERAL_CONVERSION = YES;
				CLANG_WARN_OBJC_ROOT_CLASS = YES_ERROR;
				CLANG_WARN_QUOTED_INCLUDE_IN_FRAMEWORK_HEADER = YES;
				CLANG_WARN_RANGE_LOOP_ANALYSIS = YES;
				CLANG_WARN_STRICT_PROTOTYPES = YES;
				CLANG_WARN_SUSPICIOUS_MOVE = YES;
				CLANG_WARN_UNGUARDED_AVAILABILITY = YES_AGGRESSIVE;
				CLANG_WARN_UNREACHABLE_CODE = YES;
				CLANG_WARN__DUPLICATE_METHOD_MATCH = YES;
				COPY_PHASE_STRIP = NO;
				CURRENT_PROJECT_VERSION = 1;
				DEBUG_INFORMATION_FORMAT = dwarf;
				ENABLE_STRICT_OBJC_MSGSEND = YES;
				ENABLE_TESTABILITY = YES;
				GCC_C_LANGUAGE_STANDARD = gnu11;
				GCC_DYNAMIC_NO_PIC = NO;
				GCC_NO_COMMON_BLOCKS = YES;
				GCC_OPTIMIZATION_LEVEL = 0;
				GCC_PREPROCESSOR_DEFINITIONS = (
					"DEBUG=1",
					"$(inherited)",
				);
				GCC_WARN_64_TO_32_BIT_CONVERSION = YES;
				GCC_WARN_ABOUT_RETURN_TYPE = YES_ERROR;
				GCC_WARN_UNDECLARED_SELECTOR = YES;
				GCC_WARN_UNINITIALIZED_AUTOS = YES_AGGRESSIVE;
				GCC_WARN_UNUSED_FUNCTION = YES;
				GCC_WARN_UNUSED_VARIABLE = YES;
				MACOSX_DEPLOYMENT_TARGET = 12.6;
				MTL_ENABLE_DEBUG_INFO = INCLUDE_SOURCE;
				MTL_FAST_MATH = YES;
				ONLY_ACTIVE_ARCH = YES;
				SDKROOT = macosx;
				SWIFT_ACTIVE_COMPILATION_CONDITIONS = DEBUG;
				SWIFT_OPTIMIZATION_LEVEL = "-Onone";
				VERSIONING_SYSTEM = "apple-generic";
				VERSION_INFO_PREFIX = "";
			};
			name = Debug;
		};
		77E1044729C80DE8006BFB1A /* Release */ = {
			isa = XCBuildConfiguration;
			buildSettings = {
				ALWAYS_SEARCH_USER_PATHS = NO;
				CLANG_ANALYZER_NONNULL = YES;
				CLANG_ANALYZER_NUMBER_OBJECT_CONVERSION = YES_AGGRESSIVE;
				CLANG_CXX_LANGUAGE_STANDARD = "gnu++20";
				CLANG_ENABLE_MODULES = YES;
				CLANG_ENABLE_OBJC_ARC = YES;
				CLANG_ENABLE_OBJC_WEAK = YES;
				CLANG_WARN_BLOCK_CAPTURE_AUTORELEASING = YES;
				CLANG_WARN_BOOL_CONVERSION = YES;
				CLANG_WARN_COMMA = YES;
				CLANG_WARN_CONSTANT_CONVERSION = YES;
				CLANG_WARN_DEPRECATED_OBJC_IMPLEMENTATIONS = YES;
				CLANG_WARN_DIRECT_OBJC_ISA_USAGE = YES_ERROR;
				CLANG_WARN_DOCUMENTATION_COMMENTS = YES;
				CLANG_WARN_EMPTY_BODY = YES;
				CLANG_WARN_ENUM_CONVERSION = YES;
				CLANG_WARN_INFINITE_RECURSION = YES;
				CLANG_WARN_INT_CONVERSION = YES;
				CLANG_WARN_NON_LITERAL_NULL_CONVERSION = YES;
				CLANG_WARN_OBJC_IMPLICIT_RETAIN_SELF = YES;
				CLANG_WARN_OBJC_LITERAL_CONVERSION = YES;
				CLANG_WARN_OBJC_ROOT_CLASS = YES_ERROR;
				CLANG_WARN_QUOTED_INCLUDE_IN_FRAMEWORK_HEADER = YES;
				CLANG_WARN_RANGE_LOOP_ANALYSIS = YES;
				CLANG_WARN_STRICT_PROTOTYPES = YES;
				CLANG_WARN_SUSPICIOUS_MOVE = YES;
				CLANG_WARN_UNGUARDED_AVAILABILITY = YES_AGGRESSIVE;
				CLANG_WARN_UNREACHABLE_CODE = YES;
				CLANG_WARN__DUPLICATE_METHOD_MATCH = YES;
				COPY_PHASE_STRIP = NO;
				CURRENT_PROJECT_VERSION = 1;
				DEBUG_INFORMATION_FORMAT = "dwarf-with-dsym";
				ENABLE_NS_ASSERTIONS = NO;
				ENABLE_STRICT_OBJC_MSGSEND = YES;
				GCC_C_LANGUAGE_STANDARD = gnu11;
				GCC_NO_COMMON_BLOCKS = YES;
				GCC_WARN_64_TO_32_BIT_CONVERSION = YES;
				GCC_WARN_ABOUT_RETURN_TYPE = YES_ERROR;
				GCC_WARN_UNDECLARED_SELECTOR = YES;
				GCC_WARN_UNINITIALIZED_AUTOS = YES_AGGRESSIVE;
				GCC_WARN_UNUSED_FUNCTION = YES;
				GCC_WARN_UNUSED_VARIABLE = YES;
				MACOSX_DEPLOYMENT_TARGET = 12.6;
				MTL_ENABLE_DEBUG_INFO = NO;
				MTL_FAST_MATH = YES;
				SDKROOT = macosx;
				SWIFT_COMPILATION_MODE = wholemodule;
				SWIFT_OPTIMIZATION_LEVEL = "-O";
				VERSIONING_SYSTEM = "apple-generic";
				VERSION_INFO_PREFIX = "";
			};
			name = Release;
		};
		77E1044929C80DE8006BFB1A /* Debug */ = {
			isa = XCBuildConfiguration;
			buildSettings = {
				CODE_SIGN_STYLE = Automatic;
				COMBINE_HIDPI_IMAGES = YES;
				CURRENT_PROJECT_VERSION = 1;
				DEFINES_MODULE = YES;
				DEVELOPMENT_TEAM = KZF3ZN3AUT;
				DYLIB_COMPATIBILITY_VERSION = 1;
				DYLIB_CURRENT_VERSION = 1;
				DYLIB_INSTALL_NAME_BASE = "@rpath";
				GENERATE_INFOPLIST_FILE = YES;
				INFOPLIST_KEY_NSHumanReadableCopyright = "";
				INSTALL_PATH = "$(LOCAL_LIBRARY_DIR)/Frameworks";
				LD_RUNPATH_SEARCH_PATHS = (
					"$(inherited)",
					"@executable_path/../Frameworks",
					"@loader_path/Frameworks",
				);
				MARKETING_VERSION = 1.0;
				PRODUCT_BUNDLE_IDENTIFIER = com.CarolinaL.SMCKit;
				PRODUCT_NAME = "$(TARGET_NAME:c99extidentifier)";
				SKIP_INSTALL = YES;
				SWIFT_EMIT_LOC_STRINGS = YES;
				SWIFT_VERSION = 5.0;
			};
			name = Debug;
		};
		77E1044A29C80DE8006BFB1A /* Release */ = {
			isa = XCBuildConfiguration;
			buildSettings = {
				CODE_SIGN_STYLE = Automatic;
				COMBINE_HIDPI_IMAGES = YES;
				CURRENT_PROJECT_VERSION = 1;
				DEFINES_MODULE = YES;
				DEVELOPMENT_TEAM = KZF3ZN3AUT;
				DYLIB_COMPATIBILITY_VERSION = 1;
				DYLIB_CURRENT_VERSION = 1;
				DYLIB_INSTALL_NAME_BASE = "@rpath";
				GENERATE_INFOPLIST_FILE = YES;
				INFOPLIST_KEY_NSHumanReadableCopyright = "";
				INSTALL_PATH = "$(LOCAL_LIBRARY_DIR)/Frameworks";
				LD_RUNPATH_SEARCH_PATHS = (
					"$(inherited)",
					"@executable_path/../Frameworks",
					"@loader_path/Frameworks",
				);
				MARKETING_VERSION = 1.0;
				PRODUCT_BUNDLE_IDENTIFIER = com.CarolinaL.SMCKit;
				PRODUCT_NAME = "$(TARGET_NAME:c99extidentifier)";
				SKIP_INSTALL = YES;
				SWIFT_EMIT_LOC_STRINGS = YES;
				SWIFT_VERSION = 5.0;
			};
			name = Release;
		};
		77E1044C29C80DE8006BFB1A /* Debug */ = {
			isa = XCBuildConfiguration;
			buildSettings = {
				ALWAYS_EMBED_SWIFT_STANDARD_LIBRARIES = YES;
				CODE_SIGN_STYLE = Automatic;
				CURRENT_PROJECT_VERSION = 1;
				DEVELOPMENT_TEAM = KZF3ZN3AUT;
				GENERATE_INFOPLIST_FILE = YES;
				MARKETING_VERSION = 1.0;
				PRODUCT_BUNDLE_IDENTIFIER = com.CarolinaL.SMCKitTests;
				PRODUCT_NAME = "$(TARGET_NAME)";
				SWIFT_EMIT_LOC_STRINGS = NO;
				SWIFT_VERSION = 5.0;
			};
			name = Debug;
		};
		77E1044D29C80DE8006BFB1A /* Release */ = {
			isa = XCBuildConfiguration;
			buildSettings = {
				ALWAYS_EMBED_SWIFT_STANDARD_LIBRARIES = YES;
				CODE_SIGN_STYLE = Automatic;
				CURRENT_PROJECT_VERSION = 1;
				DEVELOPMENT_TEAM = KZF3ZN3AUT;
				GENERATE_INFOPLIST_FILE = YES;
				MARKETING_VERSION = 1.0;
				PRODUCT_BUNDLE_IDENTIFIER = com.CarolinaL.SMCKitTests;
				PRODUCT_NAME = "$(TARGET_NAME)";
				SWIFT_EMIT_LOC_STRINGS = NO;
				SWIFT_VERSION = 5.0;
			};
			name = Release;
		};
/* End XCBuildConfiguration section */

/* Begin XCConfigurationList section */
		77E1042E29C80DE8006BFB1A /* Build configuration list for PBXProject "SMCKit" */ = {
			isa = XCConfigurationList;
			buildConfigurations = (
				77E1044629C80DE8006BFB1A /* Debug */,
				77E1044729C80DE8006BFB1A /* Release */,
			);
			defaultConfigurationIsVisible = 0;
			defaultConfigurationName = Release;
		};
		77E1044829C80DE8006BFB1A /* Build configuration list for PBXNativeTarget "SMCKit" */ = {
			isa = XCConfigurationList;
			buildConfigurations = (
				77E1044929C80DE8006BFB1A /* Debug */,
				77E1044A29C80DE8006BFB1A /* Release */,
			);
			defaultConfigurationIsVisible = 0;
			defaultConfigurationName = Release;
		};
		77E1044B29C80DE8006BFB1A /* Build configuration list for PBXNativeTarget "SMCKitTests" */ = {
			isa = XCConfigurationList;
			buildConfigurations = (
				77E1044C29C80DE8006BFB1A /* Debug */,
				77E1044D29C80DE8006BFB1A /* Release */,
			);
			defaultConfigurationIsVisible = 0;
			defaultConfigurationName = Release;
		};
/* End XCConfigurationList section */

/* Begin XCRemoteSwiftPackageReference section */
		77AB898D29C80FAB0087DA08 /* XCRemoteSwiftPackageReference "swift-syntax" */ = {
			isa = XCRemoteSwiftPackageReference;
			repositoryURL = "https://github.com/apple/swift-syntax.git";
			requirement = {
				branch = main;
				kind = branch;
			};
		};
/* End XCRemoteSwiftPackageReference section */

/* Begin XCSwiftPackageProductDependency section */
		77AB898E29C80FAB0087DA08 /* SwiftParser */ = {
			isa = XCSwiftPackageProductDependency;
			package = 77AB898D29C80FAB0087DA08 /* XCRemoteSwiftPackageReference "swift-syntax" */;
			productName = SwiftParser;
		};
		77AB899029C80FAB0087DA08 /* SwiftSyntax */ = {
			isa = XCSwiftPackageProductDependency;
			package = 77AB898D29C80FAB0087DA08 /* XCRemoteSwiftPackageReference "swift-syntax" */;
			productName = SwiftSyntax;
		};
/* End XCSwiftPackageProductDependency section */
	};
	rootObject = 77E1042B29C80DE8006BFB1A /* Project object */;
}
